
Microsoft Visual Studio Solution File, Format Version 12.00
# Visual Studio Version 17
VisualStudioVersion = 17.2.32526.322
MinimumVisualStudioVersion = 10.0.40219.1
Project("{FAE04EC0-301F-11D3-BF4B-00C04F79EFBC}") = "6.P1", "6.P1\6.P1.csproj", "{6D1786C2-CAB3-4C42-8CFD-057D68076DE9}"
EndProject
Project("{FAE04EC0-301F-11D3-BF4B-00C04F79EFBC}") = "6.P2", "6.P2\6.P2.csproj", "{2EAE6523-C2F6-423A-A372-D205E0785037}"
EndProject
Project("{FAE04EC0-301F-11D3-BF4B-00C04F79EFBC}") = "6.P3", "6.P3\6.P3.csproj", "{07D2A91F-28FD-40C1-B254-5A978674A328}"
EndProject
Project("{FAE04EC0-301F-11D3-BF4B-00C04F79EFBC}") = "6.P4", "6.P4\6.P4.csproj", "{840E2FF3-D3C5-45D1-9D4C-C99BAB6BDEC1}"
EndProject
Project("{FAE04EC0-301F-11D3-BF4B-00C04F79EFBC}") = "6.P5", "6.P5\6.P5.csproj", "{1BB7D7C6-B0E1-4E7C-8931-35E344679EF8}"
EndProject
Project("{FAE04EC0-301F-11D3-BF4B-00C04F79EFBC}") = "6.P6", "6.P6\6.P6.csproj", "{039FFD6E-B08E-403F-8780-311F15AB6A3B}"
EndProject
Project("{FAE04EC0-301F-11D3-BF4B-00C04F79EFBC}") = "6.P7", "6.P7\6.P7.csproj", "{EFA89D95-2339-4888-84A6-3BB2136D80B8}"
EndProject
Project("{FAE04EC0-301F-11D3-BF4B-00C04F79EFBC}") = "6.P8", "6.P8\6.P8.csproj", "{53BE2F2A-1668-4D06-BEEE-BDF04632CEF8}"
EndProject
Project("{FAE04EC0-301F-11D3-BF4B-00C04F79EFBC}") = "6.P9", "6.P9\6.P9.csproj", "{58BFA228-320A-4463-81ED-EC0E1D02E919}"
EndProject
Project("{FAE04EC0-301F-11D3-BF4B-00C04F79EFBC}") = "6.P10", "6.P10\6.P10.csproj", "{5DCFBDF1-7ADC-4C87-8271-2322B5C38AE3}"
EndProject
Project("{FAE04EC0-301F-11D3-BF4B-00C04F79EFBC}") = "6.P11", "6.P11\6.P11.csproj", "{AE7B9BB2-CB5C-4FE4-9CAB-7A674EB46DA4}"
EndProject
Project("{FAE04EC0-301F-11D3-BF4B-00C04F79EFBC}") = "6.P12", "6.P12\6.P12.csproj", "{7BCF98A9-B697-4352-8433-D440ABE10123}"
EndProject
Project("{FAE04EC0-301F-11D3-BF4B-00C04F79EFBC}") = "6.P13", "6.P13\6.P13.csproj", "{3951DA50-3FC9-4E37-ACCD-05E775AE1FDC}"
EndProject
Project("{FAE04EC0-301F-11D3-BF4B-00C04F79EFBC}") = "6.P14", "6.P14\6.P14.csproj", "{C0414ECB-BCAC-4A3C-9A61-F128EF9911F3}"
EndProject
Project("{FAE04EC0-301F-11D3-BF4B-00C04F79EFBC}") = "6.P15", "6.P15\6.P15.csproj", "{239B9115-9582-48CD-AAEE-CE83DCEB4F80}"
EndProject
Project("{FAE04EC0-301F-11D3-BF4B-00C04F79EFBC}") = "6.P16", "6.P16\6.P16.csproj", "{FFC9A3CF-A347-470F-9859-3887691BCBD7}"
EndProject
Project("{FAE04EC0-301F-11D3-BF4B-00C04F79EFBC}") = "6.P17", "6.P17\6.P17.csproj", "{BD447FA7-10AF-4B36-B292-79E7A36551E8}"
EndProject
Project("{FAE04EC0-301F-11D3-BF4B-00C04F79EFBC}") = "6.P18", "6.P18\6.P18.csproj", "{8F32F471-CAA9-4829-9BFE-4C577CB12E42}"
EndProject
Project("{FAE04EC0-301F-11D3-BF4B-00C04F79EFBC}") = "6.P19", "6.P19\6.P19.csproj", "{ED9BFCBE-C3CF-44F7-9594-089764A92550}"
EndProject
Project("{FAE04EC0-301F-11D3-BF4B-00C04F79EFBC}") = "6.P20", "6.P20\6.P20.csproj", "{CB937A9D-A5BC-422B-A1A7-B7E4CD7BBBD2}"
EndProject
Project("{FAE04EC0-301F-11D3-BF4B-00C04F79EFBC}") = "6.P21", "6.P21\6.P21.csproj", "{1A3859A7-8B89-4460-A3CC-04724BA1AF82}"
EndProject
Project("{FAE04EC0-301F-11D3-BF4B-00C04F79EFBC}") = "6.P22", "6.P22\6.P22.csproj", "{3D84D008-57E0-47B4-8606-917B8A9C059D}"
EndProject
Project("{FAE04EC0-301F-11D3-BF4B-00C04F79EFBC}") = "6.P23", "6.P23\6.P23.csproj", "{EC774E6A-FAC0-46F2-8178-D6631B60DD7C}"
EndProject
Project("{FAE04EC0-301F-11D3-BF4B-00C04F79EFBC}") = "6.P24", "6.P24\6.P24.csproj", "{E2B1D2B4-B764-4832-A380-407E404577FB}"
EndProject
Project("{FAE04EC0-301F-11D3-BF4B-00C04F79EFBC}") = "6.P25", "6.P25\6.P25.csproj", "{02EFE8E7-D154-4204-9EE6-B8756457188F}"
EndProject
Project("{FAE04EC0-301F-11D3-BF4B-00C04F79EFBC}") = "6.P26", "6.P26\6.P26.csproj", "{ABC9D7A6-4AB5-495B-8954-92FCC1BBDD51}"
EndProject
Project("{FAE04EC0-301F-11D3-BF4B-00C04F79EFBC}") = "6.P27", "6.P27\6.P27.csproj", "{94E5D205-AE3B-43B7-9990-D3117A230CDF}"
EndProject
Project("{FAE04EC0-301F-11D3-BF4B-00C04F79EFBC}") = "Demo_6.T2", "Demo_6.T2\Demo_6.T2.csproj", "{3A4971D1-45D6-4A2A-8416-42323B357421}"
EndProject
Project("{FAE04EC0-301F-11D3-BF4B-00C04F79EFBC}") = "Demo_6.T7", "Demo_6.T7\Demo_6.T7.csproj", "{3296A76D-EE61-4FEE-BF1F-4F67A2EA4368}"
EndProject
Global
	GlobalSection(SolutionConfigurationPlatforms) = preSolution
		Debug|Any CPU = Debug|Any CPU
		Release|Any CPU = Release|Any CPU
	EndGlobalSection
	GlobalSection(ProjectConfigurationPlatforms) = postSolution
		{6D1786C2-CAB3-4C42-8CFD-057D68076DE9}.Debug|Any CPU.ActiveCfg = Debug|Any CPU
		{6D1786C2-CAB3-4C42-8CFD-057D68076DE9}.Debug|Any CPU.Build.0 = Debug|Any CPU
		{6D1786C2-CAB3-4C42-8CFD-057D68076DE9}.Release|Any CPU.ActiveCfg = Release|Any CPU
		{6D1786C2-CAB3-4C42-8CFD-057D68076DE9}.Release|Any CPU.Build.0 = Release|Any CPU
		{2EAE6523-C2F6-423A-A372-D205E0785037}.Debug|Any CPU.ActiveCfg = Debug|Any CPU
		{2EAE6523-C2F6-423A-A372-D205E0785037}.Debug|Any CPU.Build.0 = Debug|Any CPU
		{2EAE6523-C2F6-423A-A372-D205E0785037}.Release|Any CPU.ActiveCfg = Release|Any CPU
		{2EAE6523-C2F6-423A-A372-D205E0785037}.Release|Any CPU.Build.0 = Release|Any CPU
		{07D2A91F-28FD-40C1-B254-5A978674A328}.Debug|Any CPU.ActiveCfg = Debug|Any CPU
		{07D2A91F-28FD-40C1-B254-5A978674A328}.Debug|Any CPU.Build.0 = Debug|Any CPU
		{07D2A91F-28FD-40C1-B254-5A978674A328}.Release|Any CPU.ActiveCfg = Release|Any CPU
		{07D2A91F-28FD-40C1-B254-5A978674A328}.Release|Any CPU.Build.0 = Release|Any CPU
		{840E2FF3-D3C5-45D1-9D4C-C99BAB6BDEC1}.Debug|Any CPU.ActiveCfg = Debug|Any CPU
		{840E2FF3-D3C5-45D1-9D4C-C99BAB6BDEC1}.Debug|Any CPU.Build.0 = Debug|Any CPU
		{840E2FF3-D3C5-45D1-9D4C-C99BAB6BDEC1}.Release|Any CPU.ActiveCfg = Release|Any CPU
		{840E2FF3-D3C5-45D1-9D4C-C99BAB6BDEC1}.Release|Any CPU.Build.0 = Release|Any CPU
		{1BB7D7C6-B0E1-4E7C-8931-35E344679EF8}.Debug|Any CPU.ActiveCfg = Debug|Any CPU
		{1BB7D7C6-B0E1-4E7C-8931-35E344679EF8}.Debug|Any CPU.Build.0 = Debug|Any CPU
		{1BB7D7C6-B0E1-4E7C-8931-35E344679EF8}.Release|Any CPU.ActiveCfg = Release|Any CPU
		{1BB7D7C6-B0E1-4E7C-8931-35E344679EF8}.Release|Any CPU.Build.0 = Release|Any CPU
		{039FFD6E-B08E-403F-8780-311F15AB6A3B}.Debug|Any CPU.ActiveCfg = Debug|Any CPU
		{039FFD6E-B08E-403F-8780-311F15AB6A3B}.Debug|Any CPU.Build.0 = Debug|Any CPU
		{039FFD6E-B08E-403F-8780-311F15AB6A3B}.Release|Any CPU.ActiveCfg = Release|Any CPU
		{039FFD6E-B08E-403F-8780-311F15AB6A3B}.Release|Any CPU.Build.0 = Release|Any CPU
		{EFA89D95-2339-4888-84A6-3BB2136D80B8}.Debug|Any CPU.ActiveCfg = Debug|Any CPU
		{EFA89D95-2339-4888-84A6-3BB2136D80B8}.Debug|Any CPU.Build.0 = Debug|Any CPU
		{EFA89D95-2339-4888-84A6-3BB2136D80B8}.Release|Any CPU.ActiveCfg = Release|Any CPU
		{EFA89D95-2339-4888-84A6-3BB2136D80B8}.Release|Any CPU.Build.0 = Release|Any CPU
		{53BE2F2A-1668-4D06-BEEE-BDF04632CEF8}.Debug|Any CPU.ActiveCfg = Debug|Any CPU
		{53BE2F2A-1668-4D06-BEEE-BDF04632CEF8}.Debug|Any CPU.Build.0 = Debug|Any CPU
		{53BE2F2A-1668-4D06-BEEE-BDF04632CEF8}.Release|Any CPU.ActiveCfg = Release|Any CPU
		{53BE2F2A-1668-4D06-BEEE-BDF04632CEF8}.Release|Any CPU.Build.0 = Release|Any CPU
		{58BFA228-320A-4463-81ED-EC0E1D02E919}.Debug|Any CPU.ActiveCfg = Debug|Any CPU
		{58BFA228-320A-4463-81ED-EC0E1D02E919}.Debug|Any CPU.Build.0 = Debug|Any CPU
		{58BFA228-320A-4463-81ED-EC0E1D02E919}.Release|Any CPU.ActiveCfg = Release|Any CPU
		{58BFA228-320A-4463-81ED-EC0E1D02E919}.Release|Any CPU.Build.0 = Release|Any CPU
		{5DCFBDF1-7ADC-4C87-8271-2322B5C38AE3}.Debug|Any CPU.ActiveCfg = Debug|Any CPU
		{5DCFBDF1-7ADC-4C87-8271-2322B5C38AE3}.Debug|Any CPU.Build.0 = Debug|Any CPU
		{5DCFBDF1-7ADC-4C87-8271-2322B5C38AE3}.Release|Any CPU.ActiveCfg = Release|Any CPU
		{5DCFBDF1-7ADC-4C87-8271-2322B5C38AE3}.Release|Any CPU.Build.0 = Release|Any CPU
		{AE7B9BB2-CB5C-4FE4-9CAB-7A674EB46DA4}.Debug|Any CPU.ActiveCfg = Debug|Any CPU
		{AE7B9BB2-CB5C-4FE4-9CAB-7A674EB46DA4}.Debug|Any CPU.Build.0 = Debug|Any CPU
		{AE7B9BB2-CB5C-4FE4-9CAB-7A674EB46DA4}.Release|Any CPU.ActiveCfg = Release|Any CPU
		{AE7B9BB2-CB5C-4FE4-9CAB-7A674EB46DA4}.Release|Any CPU.Build.0 = Release|Any CPU
		{7BCF98A9-B697-4352-8433-D440ABE10123}.Debug|Any CPU.ActiveCfg = Debug|Any CPU
		{7BCF98A9-B697-4352-8433-D440ABE10123}.Debug|Any CPU.Build.0 = Debug|Any CPU
		{7BCF98A9-B697-4352-8433-D440ABE10123}.Release|Any CPU.ActiveCfg = Release|Any CPU
		{7BCF98A9-B697-4352-8433-D440ABE10123}.Release|Any CPU.Build.0 = Release|Any CPU
		{3951DA50-3FC9-4E37-ACCD-05E775AE1FDC}.Debug|Any CPU.ActiveCfg = Debug|Any CPU
		{3951DA50-3FC9-4E37-ACCD-05E775AE1FDC}.Debug|Any CPU.Build.0 = Debug|Any CPU
		{3951DA50-3FC9-4E37-ACCD-05E775AE1FDC}.Release|Any CPU.ActiveCfg = Release|Any CPU
		{3951DA50-3FC9-4E37-ACCD-05E775AE1FDC}.Release|Any CPU.Build.0 = Release|Any CPU
		{C0414ECB-BCAC-4A3C-9A61-F128EF9911F3}.Debug|Any CPU.ActiveCfg = Debug|Any CPU
		{C0414ECB-BCAC-4A3C-9A61-F128EF9911F3}.Debug|Any CPU.Build.0 = Debug|Any CPU
		{C0414ECB-BCAC-4A3C-9A61-F128EF9911F3}.Release|Any CPU.ActiveCfg = Release|Any CPU
		{C0414ECB-BCAC-4A3C-9A61-F128EF9911F3}.Release|Any CPU.Build.0 = Release|Any CPU
		{239B9115-9582-48CD-AAEE-CE83DCEB4F80}.Debug|Any CPU.ActiveCfg = Debug|Any CPU
		{239B9115-9582-48CD-AAEE-CE83DCEB4F80}.Debug|Any CPU.Build.0 = Debug|Any CPU
		{239B9115-9582-48CD-AAEE-CE83DCEB4F80}.Release|Any CPU.ActiveCfg = Release|Any CPU
		{239B9115-9582-48CD-AAEE-CE83DCEB4F80}.Release|Any CPU.Build.0 = Release|Any CPU
		{FFC9A3CF-A347-470F-9859-3887691BCBD7}.Debug|Any CPU.ActiveCfg = Debug|Any CPU
		{FFC9A3CF-A347-470F-9859-3887691BCBD7}.Debug|Any CPU.Build.0 = Debug|Any CPU
		{FFC9A3CF-A347-470F-9859-3887691BCBD7}.Release|Any CPU.ActiveCfg = Release|Any CPU
		{FFC9A3CF-A347-470F-9859-3887691BCBD7}.Release|Any CPU.Build.0 = Release|Any CPU
		{BD447FA7-10AF-4B36-B292-79E7A36551E8}.Debug|Any CPU.ActiveCfg = Debug|Any CPU
		{BD447FA7-10AF-4B36-B292-79E7A36551E8}.Debug|Any CPU.Build.0 = Debug|Any CPU
		{BD447FA7-10AF-4B36-B292-79E7A36551E8}.Release|Any CPU.ActiveCfg = Release|Any CPU
		{BD447FA7-10AF-4B36-B292-79E7A36551E8}.Release|Any CPU.Build.0 = Release|Any CPU
		{8F32F471-CAA9-4829-9BFE-4C577CB12E42}.Debug|Any CPU.ActiveCfg = Debug|Any CPU
		{8F32F471-CAA9-4829-9BFE-4C577CB12E42}.Debug|Any CPU.Build.0 = Debug|Any CPU
		{8F32F471-CAA9-4829-9BFE-4C577CB12E42}.Release|Any CPU.ActiveCfg = Release|Any CPU
		{8F32F471-CAA9-4829-9BFE-4C577CB12E42}.Release|Any CPU.Build.0 = Release|Any CPU
		{ED9BFCBE-C3CF-44F7-9594-089764A92550}.Debug|Any CPU.ActiveCfg = Debug|Any CPU
		{ED9BFCBE-C3CF-44F7-9594-089764A92550}.Debug|Any CPU.Build.0 = Debug|Any CPU
		{ED9BFCBE-C3CF-44F7-9594-089764A92550}.Release|Any CPU.ActiveCfg = Release|Any CPU
		{ED9BFCBE-C3CF-44F7-9594-089764A92550}.Release|Any CPU.Build.0 = Release|Any CPU
		{CB937A9D-A5BC-422B-A1A7-B7E4CD7BBBD2}.Debug|Any CPU.ActiveCfg = Debug|Any CPU
		{CB937A9D-A5BC-422B-A1A7-B7E4CD7BBBD2}.Debug|Any CPU.Build.0 = Debug|Any CPU
		{CB937A9D-A5BC-422B-A1A7-B7E4CD7BBBD2}.Release|Any CPU.ActiveCfg = Release|Any CPU
		{CB937A9D-A5BC-422B-A1A7-B7E4CD7BBBD2}.Release|Any CPU.Build.0 = Release|Any CPU
		{1A3859A7-8B89-4460-A3CC-04724BA1AF82}.Debug|Any CPU.ActiveCfg = Debug|Any CPU
		{1A3859A7-8B89-4460-A3CC-04724BA1AF82}.Debug|Any CPU.Build.0 = Debug|Any CPU
		{1A3859A7-8B89-4460-A3CC-04724BA1AF82}.Release|Any CPU.ActiveCfg = Release|Any CPU
		{1A3859A7-8B89-4460-A3CC-04724BA1AF82}.Release|Any CPU.Build.0 = Release|Any CPU
		{3D84D008-57E0-47B4-8606-917B8A9C059D}.Debug|Any CPU.ActiveCfg = Debug|Any CPU
		{3D84D008-57E0-47B4-8606-917B8A9C059D}.Debug|Any CPU.Build.0 = Debug|Any CPU
		{3D84D008-57E0-47B4-8606-917B8A9C059D}.Release|Any CPU.ActiveCfg = Release|Any CPU
		{3D84D008-57E0-47B4-8606-917B8A9C059D}.Release|Any CPU.Build.0 = Release|Any CPU
		{EC774E6A-FAC0-46F2-8178-D6631B60DD7C}.Debug|Any CPU.ActiveCfg = Debug|Any CPU
		{EC774E6A-FAC0-46F2-8178-D6631B60DD7C}.Debug|Any CPU.Build.0 = Debug|Any CPU
		{EC774E6A-FAC0-46F2-8178-D6631B60DD7C}.Release|Any CPU.ActiveCfg = Release|Any CPU
		{EC774E6A-FAC0-46F2-8178-D6631B60DD7C}.Release|Any CPU.Build.0 = Release|Any CPU
		{E2B1D2B4-B764-4832-A380-407E404577FB}.Debug|Any CPU.ActiveCfg = Debug|Any CPU
		{E2B1D2B4-B764-4832-A380-407E404577FB}.Debug|Any CPU.Build.0 = Debug|Any CPU
		{E2B1D2B4-B764-4832-A380-407E404577FB}.Release|Any CPU.ActiveCfg = Release|Any CPU
		{E2B1D2B4-B764-4832-A380-407E404577FB}.Release|Any CPU.Build.0 = Release|Any CPU
		{02EFE8E7-D154-4204-9EE6-B8756457188F}.Debug|Any CPU.ActiveCfg = Debug|Any CPU
		{02EFE8E7-D154-4204-9EE6-B8756457188F}.Debug|Any CPU.Build.0 = Debug|Any CPU
		{02EFE8E7-D154-4204-9EE6-B8756457188F}.Release|Any CPU.ActiveCfg = Release|Any CPU
		{02EFE8E7-D154-4204-9EE6-B8756457188F}.Release|Any CPU.Build.0 = Release|Any CPU
		{ABC9D7A6-4AB5-495B-8954-92FCC1BBDD51}.Debug|Any CPU.ActiveCfg = Debug|Any CPU
		{ABC9D7A6-4AB5-495B-8954-92FCC1BBDD51}.Debug|Any CPU.Build.0 = Debug|Any CPU
		{ABC9D7A6-4AB5-495B-8954-92FCC1BBDD51}.Release|Any CPU.ActiveCfg = Release|Any CPU
		{ABC9D7A6-4AB5-495B-8954-92FCC1BBDD51}.Release|Any CPU.Build.0 = Release|Any CPU
		{94E5D205-AE3B-43B7-9990-D3117A230CDF}.Debug|Any CPU.ActiveCfg = Debug|Any CPU
		{94E5D205-AE3B-43B7-9990-D3117A230CDF}.Debug|Any CPU.Build.0 = Debug|Any CPU
		{94E5D205-AE3B-43B7-9990-D3117A230CDF}.Release|Any CPU.ActiveCfg = Release|Any CPU
		{94E5D205-AE3B-43B7-9990-D3117A230CDF}.Release|Any CPU.Build.0 = Release|Any CPU
		{3A4971D1-45D6-4A2A-8416-42323B357421}.Debug|Any CPU.ActiveCfg = Debug|Any CPU
		{3A4971D1-45D6-4A2A-8416-42323B357421}.Debug|Any CPU.Build.0 = Debug|Any CPU
		{3A4971D1-45D6-4A2A-8416-42323B357421}.Release|Any CPU.ActiveCfg = Release|Any CPU
		{3A4971D1-45D6-4A2A-8416-42323B357421}.Release|Any CPU.Build.0 = Release|Any CPU
		{3296A76D-EE61-4FEE-BF1F-4F67A2EA4368}.Debug|Any CPU.ActiveCfg = Debug|Any CPU
		{3296A76D-EE61-4FEE-BF1F-4F67A2EA4368}.Debug|Any CPU.Build.0 = Debug|Any CPU
		{3296A76D-EE61-4FEE-BF1F-4F67A2EA4368}.Release|Any CPU.ActiveCfg = Release|Any CPU
		{3296A76D-EE61-4FEE-BF1F-4F67A2EA4368}.Release|Any CPU.Build.0 = Release|Any CPU
	EndGlobalSection
	GlobalSection(SolutionProperties) = preSolution
		HideSolutionNode = FALSE
	EndGlobalSection
	GlobalSection(ExtensibilityGlobals) = postSolution
		SolutionGuid = {59C89F01-B72B-42BF-88DC-F28796051E89}
	EndGlobalSection
EndGlobal
